
Microsoft Visual Studio Solution File, Format Version 12.00
# Visual Studio Version 17
VisualStudioVersion = 17.3.32929.385
MinimumVisualStudioVersion = 10.0.40219.1
Project("{FAE04EC0-301F-11D3-BF4B-00C04F79EFBC}") = "BaiTapThucHanhIT008", "BaiTapThucHanhIT008\BaiTapThucHanhIT008.csproj", "{3032B791-C177-4CDF-93C3-D79E490C7EAB}"
EndProject
Project("{FAE04EC0-301F-11D3-BF4B-00C04F79EFBC}") = "Lab1_Bai1.1", "Lab1_Bai1.1\Lab1_Bai1.1.csproj", "{6D1E14A0-936F-4FC7-9207-E60508676E6A}"
EndProject
Project("{FAE04EC0-301F-11D3-BF4B-00C04F79EFBC}") = "Lab1_Bai1.6", "Lab1_Bai1.6\Lab1_Bai1.6.csproj", "{6848DDD7-2603-4101-840D-2AD122864EBE}"
EndProject
Project("{FAE04EC0-301F-11D3-BF4B-00C04F79EFBC}") = "Lab1_Bai1.3", "Lab1_Bai1.3\Lab1_Bai1.3.csproj", "{B63D7AF6-EAF6-4445-9C72-9A69A3960858}"
EndProject
Project("{FAE04EC0-301F-11D3-BF4B-00C04F79EFBC}") = "Lab1_Bai1.4", "Lab1_Bai1.4\Lab1_Bai1.4.csproj", "{9198A5DF-362F-43C9-ACEF-1BB11844D778}"
EndProject
Global
	GlobalSection(SolutionConfigurationPlatforms) = preSolution
		Debug|Any CPU = Debug|Any CPU
		Release|Any CPU = Release|Any CPU
	EndGlobalSection
	GlobalSection(ProjectConfigurationPlatforms) = postSolution
		{3032B791-C177-4CDF-93C3-D79E490C7EAB}.Debug|Any CPU.ActiveCfg = Debug|Any CPU
		{3032B791-C177-4CDF-93C3-D79E490C7EAB}.Debug|Any CPU.Build.0 = Debug|Any CPU
		{3032B791-C177-4CDF-93C3-D79E490C7EAB}.Release|Any CPU.ActiveCfg = Release|Any CPU
		{3032B791-C177-4CDF-93C3-D79E490C7EAB}.Release|Any CPU.Build.0 = Release|Any CPU
		{6D1E14A0-936F-4FC7-9207-E60508676E6A}.Debug|Any CPU.ActiveCfg = Debug|Any CPU
		{6D1E14A0-936F-4FC7-9207-E60508676E6A}.Debug|Any CPU.Build.0 = Debug|Any CPU
		{6D1E14A0-936F-4FC7-9207-E60508676E6A}.Release|Any CPU.ActiveCfg = Release|Any CPU
		{6D1E14A0-936F-4FC7-9207-E60508676E6A}.Release|Any CPU.Build.0 = Release|Any CPU
		{6848DDD7-2603-4101-840D-2AD122864EBE}.Debug|Any CPU.ActiveCfg = Debug|Any CPU
		{6848DDD7-2603-4101-840D-2AD122864EBE}.Debug|Any CPU.Build.0 = Debug|Any CPU
		{6848DDD7-2603-4101-840D-2AD122864EBE}.Release|Any CPU.ActiveCfg = Release|Any CPU
		{6848DDD7-2603-4101-840D-2AD122864EBE}.Release|Any CPU.Build.0 = Release|Any CPU
		{B63D7AF6-EAF6-4445-9C72-9A69A3960858}.Debug|Any CPU.ActiveCfg = Debug|Any CPU
		{B63D7AF6-EAF6-4445-9C72-9A69A3960858}.Debug|Any CPU.Build.0 = Debug|Any CPU
		{B63D7AF6-EAF6-4445-9C72-9A69A3960858}.Release|Any CPU.ActiveCfg = Release|Any CPU
		{B63D7AF6-EAF6-4445-9C72-9A69A3960858}.Release|Any CPU.Build.0 = Release|Any CPU
		{9198A5DF-362F-43C9-ACEF-1BB11844D778}.Debug|Any CPU.ActiveCfg = Debug|Any CPU
		{9198A5DF-362F-43C9-ACEF-1BB11844D778}.Debug|Any CPU.Build.0 = Debug|Any CPU
		{9198A5DF-362F-43C9-ACEF-1BB11844D778}.Release|Any CPU.ActiveCfg = Release|Any CPU
		{9198A5DF-362F-43C9-ACEF-1BB11844D778}.Release|Any CPU.Build.0 = Release|Any CPU
	EndGlobalSection
	GlobalSection(SolutionProperties) = preSolution
		HideSolutionNode = FALSE
	EndGlobalSection
	GlobalSection(ExtensibilityGlobals) = postSolution
		SolutionGuid = {F4CEE2DE-B682-4417-963E-558227C5A355}
	EndGlobalSection
EndGlobal
